
Microsoft Visual Studio Solution File, Format Version 12.00
# Visual Studio Version 17
VisualStudioVersion = 17.9.34714.143
MinimumVisualStudioVersion = 10.0.40219.1
Project("{FAE04EC0-301F-11D3-BF4B-00C04F79EFBC}") = "Loop_through_array", "Loop_through_array\Loop_through_array.csproj", "{F294EF8C-9D7B-470C-951B-B4FDEE56F432}"
EndProject
Global
	GlobalSection(SolutionConfigurationPlatforms) = preSolution
		Debug|Any CPU = Debug|Any CPU
		Release|Any CPU = Release|Any CPU
	EndGlobalSection
	GlobalSection(ProjectConfigurationPlatforms) = postSolution
		{F294EF8C-9D7B-470C-951B-B4FDEE56F432}.Debug|Any CPU.ActiveCfg = Debug|Any CPU
		{F294EF8C-9D7B-470C-951B-B4FDEE56F432}.Debug|Any CPU.Build.0 = Debug|Any CPU
		{F294EF8C-9D7B-470C-951B-B4FDEE56F432}.Release|Any CPU.ActiveCfg = Release|Any CPU
		{F294EF8C-9D7B-470C-951B-B4FDEE56F432}.Release|Any CPU.Build.0 = Release|Any CPU
	EndGlobalSection
	GlobalSection(SolutionProperties) = preSolution
		HideSolutionNode = FALSE
	EndGlobalSection
	GlobalSection(ExtensibilityGlobals) = postSolution
		SolutionGuid = {80CB8CA1-CFA4-40AA-BA6D-F18B24D4060E}
	EndGlobalSection
EndGlobal
